
Microsoft Visual Studio Solution File, Format Version 12.00
# Visual Studio Version 16
VisualStudioVersion = 16.0.810.8
MinimumVisualStudioVersion = 10.0.40219.1
Project("{FAE04EC0-301F-11D3-BF4B-00C04F79EFBC}") = "InfoBoardApp", "InfoBoardApp\InfoBoardApp.csproj", "{49FC30D3-809D-4831-92C8-B65355EBEE69}"
EndProject
Global
	GlobalSection(SolutionConfigurationPlatforms) = preSolution
		Debug|Any CPU = Debug|Any CPU
		Release|Any CPU = Release|Any CPU
	EndGlobalSection
	GlobalSection(ProjectConfigurationPlatforms) = postSolution
		{49FC30D3-809D-4831-92C8-B65355EBEE69}.Debug|Any CPU.ActiveCfg = Debug|Any CPU
		{49FC30D3-809D-4831-92C8-B65355EBEE69}.Debug|Any CPU.Build.0 = Debug|Any CPU
		{49FC30D3-809D-4831-92C8-B65355EBEE69}.Release|Any CPU.ActiveCfg = Release|Any CPU
		{49FC30D3-809D-4831-92C8-B65355EBEE69}.Release|Any CPU.Build.0 = Release|Any CPU
	EndGlobalSection
	GlobalSection(SolutionProperties) = preSolution
		HideSolutionNode = FALSE
	EndGlobalSection
	GlobalSection(ExtensibilityGlobals) = postSolution
		SolutionGuid = {181082CD-FAFE-4D73-B381-BFCAD47ECB4B}
	EndGlobalSection
EndGlobal
