Microsoft Visual Studio Solution File, Format Version 12.00
# Visual Studio Version 16
VisualStudioVersion = 16.0.31829.152
MinimumVisualStudioVersion = 10.0.40219.1
Project("{9A19103F-16F7-4668-BE54-9A1E7A4F7556}") = "ManagementPages", "ManagementPages\ManagementPages.csproj", "{7365FB5C-4AC6-4344-B5EE-2A84393D3F05}"
EndProject
Project("{9A19103F-16F7-4668-BE54-9A1E7A4F7556}") = "VisitorApplication.Server", "VisitorApplication\Server\VisitorApplication.Server.csproj", "{CA92D8C4-6231-4C71-AC64-CDB31D39BFF9}"
EndProject
Project("{9A19103F-16F7-4668-BE54-9A1E7A4F7556}") = "VisitorApplication.Client", "VisitorApplication\Client\VisitorApplication.Client.csproj", "{C57AAAD7-43AD-4F36-8A02-5D0FAB975C33}"
EndProject
Project("{9A19103F-16F7-4668-BE54-9A1E7A4F7556}") = "VisitorApplication.Shared", "VisitorApplication\Shared\VisitorApplication.Shared.csproj", "{6EF611E0-2EE3-424C-A6CF-E31F06210BB5}"
EndProject
Project("{FAE04EC0-301F-11D3-BF4B-00C04F79EFBC}") = "ManagementPages.Tests", "ManagementPages.Tests\ManagementPages.Tests.csproj", "{8EC481B8-8D72-4594-988C-A36DB8B0E717}"
EndProject
Project("{FAE04EC0-301F-11D3-BF4B-00C04F79EFBC}") = "VisitorApplication.Tests", "VisitorApplication.Tests\VisitorApplication.Tests.csproj", "{920EBAA9-ACCA-469B-AC11-7C8149A77B58}"
EndProject
Global
	GlobalSection(SolutionConfigurationPlatforms) = preSolution
		Debug|Any CPU = Debug|Any CPU
		Release|Any CPU = Release|Any CPU
	EndGlobalSection
	GlobalSection(ProjectConfigurationPlatforms) = postSolution
		{7365FB5C-4AC6-4344-B5EE-2A84393D3F05}.Debug|Any CPU.ActiveCfg = Debug|Any CPU
		{7365FB5C-4AC6-4344-B5EE-2A84393D3F05}.Debug|Any CPU.Build.0 = Debug|Any CPU
		{7365FB5C-4AC6-4344-B5EE-2A84393D3F05}.Release|Any CPU.ActiveCfg = Release|Any CPU
		{7365FB5C-4AC6-4344-B5EE-2A84393D3F05}.Release|Any CPU.Build.0 = Release|Any CPU
		{CA92D8C4-6231-4C71-AC64-CDB31D39BFF9}.Debug|Any CPU.ActiveCfg = Debug|Any CPU
		{CA92D8C4-6231-4C71-AC64-CDB31D39BFF9}.Debug|Any CPU.Build.0 = Debug|Any CPU
		{CA92D8C4-6231-4C71-AC64-CDB31D39BFF9}.Release|Any CPU.ActiveCfg = Release|Any CPU
		{CA92D8C4-6231-4C71-AC64-CDB31D39BFF9}.Release|Any CPU.Build.0 = Release|Any CPU
		{C57AAAD7-43AD-4F36-8A02-5D0FAB975C33}.Debug|Any CPU.ActiveCfg = Debug|Any CPU
		{C57AAAD7-43AD-4F36-8A02-5D0FAB975C33}.Debug|Any CPU.Build.0 = Debug|Any CPU
		{C57AAAD7-43AD-4F36-8A02-5D0FAB975C33}.Release|Any CPU.ActiveCfg = Release|Any CPU
		{C57AAAD7-43AD-4F36-8A02-5D0FAB975C33}.Release|Any CPU.Build.0 = Release|Any CPU
		{6EF611E0-2EE3-424C-A6CF-E31F06210BB5}.Debug|Any CPU.ActiveCfg = Debug|Any CPU
		{6EF611E0-2EE3-424C-A6CF-E31F06210BB5}.Debug|Any CPU.Build.0 = Debug|Any CPU
		{6EF611E0-2EE3-424C-A6CF-E31F06210BB5}.Release|Any CPU.ActiveCfg = Release|Any CPU
		{6EF611E0-2EE3-424C-A6CF-E31F06210BB5}.Release|Any CPU.Build.0 = Release|Any CPU
		{8EC481B8-8D72-4594-988C-A36DB8B0E717}.Debug|Any CPU.ActiveCfg = Debug|Any CPU
		{8EC481B8-8D72-4594-988C-A36DB8B0E717}.Debug|Any CPU.Build.0 = Debug|Any CPU
		{8EC481B8-8D72-4594-988C-A36DB8B0E717}.Release|Any CPU.ActiveCfg = Release|Any CPU
		{8EC481B8-8D72-4594-988C-A36DB8B0E717}.Release|Any CPU.Build.0 = Release|Any CPU
		{920EBAA9-ACCA-469B-AC11-7C8149A77B58}.Debug|Any CPU.ActiveCfg = Debug|Any CPU
		{920EBAA9-ACCA-469B-AC11-7C8149A77B58}.Debug|Any CPU.Build.0 = Debug|Any CPU
		{920EBAA9-ACCA-469B-AC11-7C8149A77B58}.Release|Any CPU.ActiveCfg = Release|Any CPU
		{920EBAA9-ACCA-469B-AC11-7C8149A77B58}.Release|Any CPU.Build.0 = Release|Any CPU
	EndGlobalSection
	GlobalSection(SolutionProperties) = preSolution
		HideSolutionNode = FALSE
	EndGlobalSection
	GlobalSection(ExtensibilityGlobals) = postSolution
		SolutionGuid = {8762E1AB-B529-4D28-A596-7F7455932422}
	EndGlobalSection
EndGlobal
