
Microsoft Visual Studio Solution File, Format Version 12.00
# Visual Studio Version 17
VisualStudioVersion = 17.0.31808.319
MinimumVisualStudioVersion = 10.0.40219.1
Project("{9A19103F-16F7-4668-BE54-9A1E7A4F7556}") = "VisitorApplication", "VisitorApplication\VisitorApplication.csproj", "{12B2DBE7-287E-4A03-B845-9C515BF1336F}"
EndProject
Project("{9A19103F-16F7-4668-BE54-9A1E7A4F7556}") = "ManagementPages", "ManagementPages\ManagementPages.csproj", "{7365FB5C-4AC6-4344-B5EE-2A84393D3F05}"
EndProject
Global
	GlobalSection(SolutionConfigurationPlatforms) = preSolution
		Debug|Any CPU = Debug|Any CPU
		Release|Any CPU = Release|Any CPU
	EndGlobalSection
	GlobalSection(ProjectConfigurationPlatforms) = postSolution
		{12B2DBE7-287E-4A03-B845-9C515BF1336F}.Debug|Any CPU.ActiveCfg = Debug|Any CPU
		{12B2DBE7-287E-4A03-B845-9C515BF1336F}.Debug|Any CPU.Build.0 = Debug|Any CPU
		{12B2DBE7-287E-4A03-B845-9C515BF1336F}.Release|Any CPU.ActiveCfg = Release|Any CPU
		{12B2DBE7-287E-4A03-B845-9C515BF1336F}.Release|Any CPU.Build.0 = Release|Any CPU
		{7365FB5C-4AC6-4344-B5EE-2A84393D3F05}.Debug|Any CPU.ActiveCfg = Debug|Any CPU
		{7365FB5C-4AC6-4344-B5EE-2A84393D3F05}.Debug|Any CPU.Build.0 = Debug|Any CPU
		{7365FB5C-4AC6-4344-B5EE-2A84393D3F05}.Release|Any CPU.ActiveCfg = Release|Any CPU
		{7365FB5C-4AC6-4344-B5EE-2A84393D3F05}.Release|Any CPU.Build.0 = Release|Any CPU
	EndGlobalSection
	GlobalSection(SolutionProperties) = preSolution
		HideSolutionNode = FALSE
	EndGlobalSection
	GlobalSection(ExtensibilityGlobals) = postSolution
		SolutionGuid = {8762E1AB-B529-4D28-A596-7F7455932422}
	EndGlobalSection
EndGlobal
